
Microsoft Visual Studio Solution File, Format Version 12.00
# Visual Studio Version 16
VisualStudioVersion = 16.0.30413.136
MinimumVisualStudioVersion = 10.0.40219.1
Project("{8BC9CEB8-8B4A-11D0-8D11-00A0C91BC942}") = "Anagram Project", "Anagram Project\Anagram Project.vcxproj", "{A3939335-5972-42AE-9320-92DDA02CB142}"
EndProject
Global
	GlobalSection(SolutionConfigurationPlatforms) = preSolution
		Debug|x64 = Debug|x64
		Debug|x86 = Debug|x86
		Release|x64 = Release|x64
		Release|x86 = Release|x86
	EndGlobalSection
	GlobalSection(ProjectConfigurationPlatforms) = postSolution
		{A3939335-5972-42AE-9320-92DDA02CB142}.Debug|x64.ActiveCfg = Debug|x64
		{A3939335-5972-42AE-9320-92DDA02CB142}.Debug|x64.Build.0 = Debug|x64
		{A3939335-5972-42AE-9320-92DDA02CB142}.Debug|x86.ActiveCfg = Debug|Win32
		{A3939335-5972-42AE-9320-92DDA02CB142}.Debug|x86.Build.0 = Debug|Win32
		{A3939335-5972-42AE-9320-92DDA02CB142}.Release|x64.ActiveCfg = Release|x64
		{A3939335-5972-42AE-9320-92DDA02CB142}.Release|x64.Build.0 = Release|x64
		{A3939335-5972-42AE-9320-92DDA02CB142}.Release|x86.ActiveCfg = Release|Win32
		{A3939335-5972-42AE-9320-92DDA02CB142}.Release|x86.Build.0 = Release|Win32
	EndGlobalSection
	GlobalSection(SolutionProperties) = preSolution
		HideSolutionNode = FALSE
	EndGlobalSection
	GlobalSection(ExtensibilityGlobals) = postSolution
		SolutionGuid = {F9D34E1A-1FD9-49AC-AD71-68FB0FD3F35A}
	EndGlobalSection
EndGlobal
